
Microsoft Visual Studio Solution File, Format Version 12.00
# Visual Studio Version 16
VisualStudioVersion = 16.0.32901.82
MinimumVisualStudioVersion = 10.0.40219.1
Project("{FAE04EC0-301F-11D3-BF4B-00C04F79EFBC}") = "MVC Basics", "MVC Basics\MVC Basics.csproj", "{1367D1DF-AF40-49E8-865D-D7403DC7EDED}"
EndProject
Project("{FAE04EC0-301F-11D3-BF4B-00C04F79EFBC}") = "CRUDusingADO.NETinMVC", "MVC Basics\CRUDusingADO.NETinMVC\CRUDusingADO.NETinMVC.csproj", "{E944A04C-214F-4197-AA69-7CAB73D980DB}"
EndProject
Project("{FAE04EC0-301F-11D3-BF4B-00C04F79EFBC}") = "CRUDusingEFDBFirstinMVC", "MVC Basics\CRUDusingEFDBFirstinMVC\CRUDusingEFDBFirstinMVC.csproj", "{98286F5E-3B1C-4800-9CF3-C1558A20CB68}"
EndProject
Project("{FAE04EC0-301F-11D3-BF4B-00C04F79EFBC}") = "PartialViewLayout", "MVC Basics\PartialViewLayout\PartialViewLayout.csproj", "{29B8062A-40FA-4AF9-8ABF-3254FAD25A0E}"
EndProject
Project("{FAE04EC0-301F-11D3-BF4B-00C04F79EFBC}") = "AreasDemo", "MVC Basics\AreasDemo\AreasDemo.csproj", "{D06A9CEA-4CD3-42AC-A567-193528F7E793}"
EndProject
Project("{FAE04EC0-301F-11D3-BF4B-00C04F79EFBC}") = "StudentAPIClient", "MVC Basics\StudentAPIClient\StudentAPIClient.csproj", "{CA28A420-9BEC-4267-BCBD-C0F6037F3937}"
EndProject
Global
	GlobalSection(SolutionConfigurationPlatforms) = preSolution
		Debug|Any CPU = Debug|Any CPU
		Release|Any CPU = Release|Any CPU
	EndGlobalSection
	GlobalSection(ProjectConfigurationPlatforms) = postSolution
		{1367D1DF-AF40-49E8-865D-D7403DC7EDED}.Debug|Any CPU.ActiveCfg = Debug|Any CPU
		{1367D1DF-AF40-49E8-865D-D7403DC7EDED}.Debug|Any CPU.Build.0 = Debug|Any CPU
		{1367D1DF-AF40-49E8-865D-D7403DC7EDED}.Release|Any CPU.ActiveCfg = Release|Any CPU
		{1367D1DF-AF40-49E8-865D-D7403DC7EDED}.Release|Any CPU.Build.0 = Release|Any CPU
		{E944A04C-214F-4197-AA69-7CAB73D980DB}.Debug|Any CPU.ActiveCfg = Debug|Any CPU
		{E944A04C-214F-4197-AA69-7CAB73D980DB}.Debug|Any CPU.Build.0 = Debug|Any CPU
		{E944A04C-214F-4197-AA69-7CAB73D980DB}.Release|Any CPU.ActiveCfg = Release|Any CPU
		{E944A04C-214F-4197-AA69-7CAB73D980DB}.Release|Any CPU.Build.0 = Release|Any CPU
		{98286F5E-3B1C-4800-9CF3-C1558A20CB68}.Debug|Any CPU.ActiveCfg = Debug|Any CPU
		{98286F5E-3B1C-4800-9CF3-C1558A20CB68}.Debug|Any CPU.Build.0 = Debug|Any CPU
		{98286F5E-3B1C-4800-9CF3-C1558A20CB68}.Release|Any CPU.ActiveCfg = Release|Any CPU
		{98286F5E-3B1C-4800-9CF3-C1558A20CB68}.Release|Any CPU.Build.0 = Release|Any CPU
		{29B8062A-40FA-4AF9-8ABF-3254FAD25A0E}.Debug|Any CPU.ActiveCfg = Debug|Any CPU
		{29B8062A-40FA-4AF9-8ABF-3254FAD25A0E}.Debug|Any CPU.Build.0 = Debug|Any CPU
		{29B8062A-40FA-4AF9-8ABF-3254FAD25A0E}.Release|Any CPU.ActiveCfg = Release|Any CPU
		{29B8062A-40FA-4AF9-8ABF-3254FAD25A0E}.Release|Any CPU.Build.0 = Release|Any CPU
		{D06A9CEA-4CD3-42AC-A567-193528F7E793}.Debug|Any CPU.ActiveCfg = Debug|Any CPU
		{D06A9CEA-4CD3-42AC-A567-193528F7E793}.Debug|Any CPU.Build.0 = Debug|Any CPU
		{D06A9CEA-4CD3-42AC-A567-193528F7E793}.Release|Any CPU.ActiveCfg = Release|Any CPU
		{D06A9CEA-4CD3-42AC-A567-193528F7E793}.Release|Any CPU.Build.0 = Release|Any CPU
		{CA28A420-9BEC-4267-BCBD-C0F6037F3937}.Debug|Any CPU.ActiveCfg = Debug|Any CPU
		{CA28A420-9BEC-4267-BCBD-C0F6037F3937}.Debug|Any CPU.Build.0 = Debug|Any CPU
		{CA28A420-9BEC-4267-BCBD-C0F6037F3937}.Release|Any CPU.ActiveCfg = Release|Any CPU
		{CA28A420-9BEC-4267-BCBD-C0F6037F3937}.Release|Any CPU.Build.0 = Release|Any CPU
	EndGlobalSection
	GlobalSection(SolutionProperties) = preSolution
		HideSolutionNode = FALSE
	EndGlobalSection
	GlobalSection(ExtensibilityGlobals) = postSolution
		SolutionGuid = {412070DA-397C-4E86-B488-153122C94880}
	EndGlobalSection
EndGlobal
